
Microsoft Visual Studio Solution File, Format Version 12.00
# Visual Studio 15
VisualStudioVersion = 15.0.27703.2042
MinimumVisualStudioVersion = 10.0.40219.1
Project("{FAE04EC0-301F-11D3-BF4B-00C04F79EFBC}") = "SportsStore", "SportsStore\SportsStore.csproj", "{53FE8F80-B8EC-4201-9695-DFA7A0A04233}"
EndProject
Project("{FAE04EC0-301F-11D3-BF4B-00C04F79EFBC}") = "SportsStore.Tests", "..\SportsStore.Tests\SportsStore.Tests.csproj", "{DB8804F5-7C8E-41F2-973F-39C695A4680F}"
EndProject
Global
	GlobalSection(SolutionConfigurationPlatforms) = preSolution
		Debug|Any CPU = Debug|Any CPU
		Release|Any CPU = Release|Any CPU
	EndGlobalSection
	GlobalSection(ProjectConfigurationPlatforms) = postSolution
		{53FE8F80-B8EC-4201-9695-DFA7A0A04233}.Debug|Any CPU.ActiveCfg = Debug|Any CPU
		{53FE8F80-B8EC-4201-9695-DFA7A0A04233}.Debug|Any CPU.Build.0 = Debug|Any CPU
		{53FE8F80-B8EC-4201-9695-DFA7A0A04233}.Release|Any CPU.ActiveCfg = Release|Any CPU
		{53FE8F80-B8EC-4201-9695-DFA7A0A04233}.Release|Any CPU.Build.0 = Release|Any CPU
		{DB8804F5-7C8E-41F2-973F-39C695A4680F}.Debug|Any CPU.ActiveCfg = Debug|Any CPU
		{DB8804F5-7C8E-41F2-973F-39C695A4680F}.Debug|Any CPU.Build.0 = Debug|Any CPU
		{DB8804F5-7C8E-41F2-973F-39C695A4680F}.Release|Any CPU.ActiveCfg = Release|Any CPU
		{DB8804F5-7C8E-41F2-973F-39C695A4680F}.Release|Any CPU.Build.0 = Release|Any CPU
	EndGlobalSection
	GlobalSection(SolutionProperties) = preSolution
		HideSolutionNode = FALSE
	EndGlobalSection
	GlobalSection(ExtensibilityGlobals) = postSolution
		SolutionGuid = {46E792AE-9B3E-403E-A2A0-352C3E494E23}
	EndGlobalSection
EndGlobal
